
Microsoft Visual Studio Solution File, Format Version 12.00
# Visual Studio Version 17
VisualStudioVersion = 17.2.32616.157
MinimumVisualStudioVersion = 10.0.40219.1
Project("{9A19103F-16F7-4668-BE54-9A1E7A4F7556}") = "uNotes.Api", "uNotes\uNotes.Api.csproj", "{D038E465-AAC0-4CAF-B808-2E84DBD1E81F}"
	ProjectSection(ProjectDependencies) = postProject
		{157600A1-0E78-4671-ABA3-9092AAC970E6} = {157600A1-0E78-4671-ABA3-9092AAC970E6}
		{2AF4EC04-E257-4C2D-9B4D-3E319989BCFF} = {2AF4EC04-E257-4C2D-9B4D-3E319989BCFF}
		{7D4541EC-EB09-428A-9E43-6C898EDB0A6D} = {7D4541EC-EB09-428A-9E43-6C898EDB0A6D}
		{8340C9F1-0B4C-4127-A502-84E57B0D409A} = {8340C9F1-0B4C-4127-A502-84E57B0D409A}
		{E0E0A7CA-AA36-427A-9B40-0DE31B72A1B1} = {E0E0A7CA-AA36-427A-9B40-0DE31B72A1B1}
	EndProjectSection
EndProject
Project("{2150E333-8FDC-42A3-9474-1A3956D46DE8}") = "1 - API", "1 - API", "{C1AD828C-A9AD-4895-97F6-989FB64BC0B4}"
EndProject
Project("{2150E333-8FDC-42A3-9474-1A3956D46DE8}") = "2 - Application", "2 - Application", "{CB561DC3-F2E0-47E8-8007-9067D1E714A8}"
EndProject
Project("{2150E333-8FDC-42A3-9474-1A3956D46DE8}") = "3 - Domain", "3 - Domain", "{1AD7C7F3-BDEE-45DA-A72D-4EFE521ADBB9}"
EndProject
Project("{2150E333-8FDC-42A3-9474-1A3956D46DE8}") = "4 - Infra", "4 - Infra", "{2EF660EC-2053-465D-9F6D-C52CD805466F}"
EndProject
Project("{2150E333-8FDC-42A3-9474-1A3956D46DE8}") = "4.1 - Data", "4.1 - Data", "{1C59AE35-60AA-49E1-8D5A-DD1E1A275492}"
EndProject
Project("{2150E333-8FDC-42A3-9474-1A3956D46DE8}") = "4.2 - CrossCutting", "4.2 - CrossCutting", "{8774EF4E-AD16-466D-AB39-37A88B5A767E}"
EndProject
Project("{9A19103F-16F7-4668-BE54-9A1E7A4F7556}") = "uNotes.Application", "uNotes.Application\uNotes.Application.csproj", "{157600A1-0E78-4671-ABA3-9092AAC970E6}"
EndProject
Project("{9A19103F-16F7-4668-BE54-9A1E7A4F7556}") = "uNotes.Domain", "uNotes.Domain\uNotes.Domain.csproj", "{8340C9F1-0B4C-4127-A502-84E57B0D409A}"
EndProject
Project("{9A19103F-16F7-4668-BE54-9A1E7A4F7556}") = "uNotes.Infra.Data", "uNotes.Infra.Data\uNotes.Infra.Data.csproj", "{E0E0A7CA-AA36-427A-9B40-0DE31B72A1B1}"
	ProjectSection(ProjectDependencies) = postProject
		{9BDFB72C-D870-4703-B17E-8DC3ACC316D9} = {9BDFB72C-D870-4703-B17E-8DC3ACC316D9}
	EndProjectSection
EndProject
Project("{9A19103F-16F7-4668-BE54-9A1E7A4F7556}") = "uNotes.Infra.CrossCutting.IoC", "uNotes.Infra.CrossCutting\uNotes.Infra.CrossCutting.IoC.csproj", "{7D4541EC-EB09-428A-9E43-6C898EDB0A6D}"
EndProject
Project("{9A19103F-16F7-4668-BE54-9A1E7A4F7556}") = "uNotes.Infra.CrossCutting.UoW", "uNotes.Infra.CrossCutting.UoW\uNotes.Infra.CrossCutting.UoW.csproj", "{0B198399-0A5F-4410-8D96-AC0C78B1E6AA}"
EndProject
Project("{9A19103F-16F7-4668-BE54-9A1E7A4F7556}") = "uNotes.Infra.CrossCutting.RunMigrations", "uNotes.Infra.CrossCutting.RunMigrations\uNotes.Infra.CrossCutting.RunMigrations.csproj", "{2AF4EC04-E257-4C2D-9B4D-3E319989BCFF}"
EndProject
Project("{9A19103F-16F7-4668-BE54-9A1E7A4F7556}") = "uNotes.Infra.CrossCutting.Notificacoes", "uNotes.Infra.CrossCutting.Notificacoes\uNotes.Infra.CrossCutting.Notificacoes.csproj", "{BA1ACAD8-70B8-4408-A877-E51622679CB3}"
EndProject
Project("{9A19103F-16F7-4668-BE54-9A1E7A4F7556}") = "uNotes.Infra.CrossCutting.Criptografia", "uNotes.Infra.CrossCutting.Criptografia\uNotes.Infra.CrossCutting.Criptografia.csproj", "{2365CA3A-5D45-424A-A314-A0628E6B3B48}"
EndProject
Project("{9A19103F-16F7-4668-BE54-9A1E7A4F7556}") = "uNotes.Infra.CrossCutting.Enums", "uNotes.Infra.CrossCutting.Enums\uNotes.Infra.CrossCutting.Enums.csproj", "{44246EBB-40D0-42B2-B3E9-2B512A53C055}"
EndProject
Project("{9A19103F-16F7-4668-BE54-9A1E7A4F7556}") = "uNotes.Infra.CrossCutting.Configuracoes", "uNotes.Infra.CrossCutting.Configuracoes\uNotes.Infra.CrossCutting.Configuracoes.csproj", "{72BBAB25-01D1-4569-ACF9-2F6AD226299F}"
EndProject
Project("{9A19103F-16F7-4668-BE54-9A1E7A4F7556}") = "uNotes.Infra.CrossCutting.Constantes", "uNotes.Infra.CrossCutting.Constantes\uNotes.Infra.CrossCutting.Constantes.csproj", "{7B42424E-2C5C-476F-A341-88B0CC11E5DA}"
EndProject
Project("{9A19103F-16F7-4668-BE54-9A1E7A4F7556}") = "uNotes.Infra.CrossCutting.WebSocketService", "src\uNotes.Infra.CrossCutting.WebSocketService\uNotes.Infra.CrossCutting.WebSocketService.csproj", "{953CCEC8-DE8E-485B-B828-D32C7BCF035A}"
EndProject
Project("{9A19103F-16F7-4668-BE54-9A1E7A4F7556}") = "uNotes.Infra.CrossCutting.AWS", "uNotes.Infra.CrossCutting.AWS\uNotes.Infra.CrossCutting.AWS.csproj", "{4B34FAFB-7116-44A5-97FE-742EEF4CEC6A}"
EndProject
Project("{FAE04EC0-301F-11D3-BF4B-00C04F79EFBC}") = "uNotes.Infra.CrossCutting.Utils", "src\uNotes.Infra.CrossCutting.Utils\uNotes.Infra.CrossCutting.Utils.csproj", "{9BDFB72C-D870-4703-B17E-8DC3ACC316D9}"
EndProject
Global
	GlobalSection(SolutionConfigurationPlatforms) = preSolution
		Debug|Any CPU = Debug|Any CPU
		Release|Any CPU = Release|Any CPU
	EndGlobalSection
	GlobalSection(ProjectConfigurationPlatforms) = postSolution
		{D038E465-AAC0-4CAF-B808-2E84DBD1E81F}.Debug|Any CPU.ActiveCfg = Debug|Any CPU
		{D038E465-AAC0-4CAF-B808-2E84DBD1E81F}.Debug|Any CPU.Build.0 = Debug|Any CPU
		{D038E465-AAC0-4CAF-B808-2E84DBD1E81F}.Release|Any CPU.ActiveCfg = Release|Any CPU
		{D038E465-AAC0-4CAF-B808-2E84DBD1E81F}.Release|Any CPU.Build.0 = Release|Any CPU
		{157600A1-0E78-4671-ABA3-9092AAC970E6}.Debug|Any CPU.ActiveCfg = Debug|Any CPU
		{157600A1-0E78-4671-ABA3-9092AAC970E6}.Debug|Any CPU.Build.0 = Debug|Any CPU
		{157600A1-0E78-4671-ABA3-9092AAC970E6}.Release|Any CPU.ActiveCfg = Release|Any CPU
		{157600A1-0E78-4671-ABA3-9092AAC970E6}.Release|Any CPU.Build.0 = Release|Any CPU
		{8340C9F1-0B4C-4127-A502-84E57B0D409A}.Debug|Any CPU.ActiveCfg = Debug|Any CPU
		{8340C9F1-0B4C-4127-A502-84E57B0D409A}.Debug|Any CPU.Build.0 = Debug|Any CPU
		{8340C9F1-0B4C-4127-A502-84E57B0D409A}.Release|Any CPU.ActiveCfg = Release|Any CPU
		{8340C9F1-0B4C-4127-A502-84E57B0D409A}.Release|Any CPU.Build.0 = Release|Any CPU
		{E0E0A7CA-AA36-427A-9B40-0DE31B72A1B1}.Debug|Any CPU.ActiveCfg = Debug|Any CPU
		{E0E0A7CA-AA36-427A-9B40-0DE31B72A1B1}.Debug|Any CPU.Build.0 = Debug|Any CPU
		{E0E0A7CA-AA36-427A-9B40-0DE31B72A1B1}.Release|Any CPU.ActiveCfg = Release|Any CPU
		{E0E0A7CA-AA36-427A-9B40-0DE31B72A1B1}.Release|Any CPU.Build.0 = Release|Any CPU
		{7D4541EC-EB09-428A-9E43-6C898EDB0A6D}.Debug|Any CPU.ActiveCfg = Debug|Any CPU
		{7D4541EC-EB09-428A-9E43-6C898EDB0A6D}.Debug|Any CPU.Build.0 = Debug|Any CPU
		{7D4541EC-EB09-428A-9E43-6C898EDB0A6D}.Release|Any CPU.ActiveCfg = Release|Any CPU
		{7D4541EC-EB09-428A-9E43-6C898EDB0A6D}.Release|Any CPU.Build.0 = Release|Any CPU
		{0B198399-0A5F-4410-8D96-AC0C78B1E6AA}.Debug|Any CPU.ActiveCfg = Debug|Any CPU
		{0B198399-0A5F-4410-8D96-AC0C78B1E6AA}.Debug|Any CPU.Build.0 = Debug|Any CPU
		{0B198399-0A5F-4410-8D96-AC0C78B1E6AA}.Release|Any CPU.ActiveCfg = Release|Any CPU
		{0B198399-0A5F-4410-8D96-AC0C78B1E6AA}.Release|Any CPU.Build.0 = Release|Any CPU
		{2AF4EC04-E257-4C2D-9B4D-3E319989BCFF}.Debug|Any CPU.ActiveCfg = Debug|Any CPU
		{2AF4EC04-E257-4C2D-9B4D-3E319989BCFF}.Debug|Any CPU.Build.0 = Debug|Any CPU
		{2AF4EC04-E257-4C2D-9B4D-3E319989BCFF}.Release|Any CPU.ActiveCfg = Release|Any CPU
		{2AF4EC04-E257-4C2D-9B4D-3E319989BCFF}.Release|Any CPU.Build.0 = Release|Any CPU
		{BA1ACAD8-70B8-4408-A877-E51622679CB3}.Debug|Any CPU.ActiveCfg = Debug|Any CPU
		{BA1ACAD8-70B8-4408-A877-E51622679CB3}.Debug|Any CPU.Build.0 = Debug|Any CPU
		{BA1ACAD8-70B8-4408-A877-E51622679CB3}.Release|Any CPU.ActiveCfg = Release|Any CPU
		{BA1ACAD8-70B8-4408-A877-E51622679CB3}.Release|Any CPU.Build.0 = Release|Any CPU
		{2365CA3A-5D45-424A-A314-A0628E6B3B48}.Debug|Any CPU.ActiveCfg = Debug|Any CPU
		{2365CA3A-5D45-424A-A314-A0628E6B3B48}.Debug|Any CPU.Build.0 = Debug|Any CPU
		{2365CA3A-5D45-424A-A314-A0628E6B3B48}.Release|Any CPU.ActiveCfg = Release|Any CPU
		{2365CA3A-5D45-424A-A314-A0628E6B3B48}.Release|Any CPU.Build.0 = Release|Any CPU
		{44246EBB-40D0-42B2-B3E9-2B512A53C055}.Debug|Any CPU.ActiveCfg = Debug|Any CPU
		{44246EBB-40D0-42B2-B3E9-2B512A53C055}.Debug|Any CPU.Build.0 = Debug|Any CPU
		{44246EBB-40D0-42B2-B3E9-2B512A53C055}.Release|Any CPU.ActiveCfg = Release|Any CPU
		{44246EBB-40D0-42B2-B3E9-2B512A53C055}.Release|Any CPU.Build.0 = Release|Any CPU
		{72BBAB25-01D1-4569-ACF9-2F6AD226299F}.Debug|Any CPU.ActiveCfg = Debug|Any CPU
		{72BBAB25-01D1-4569-ACF9-2F6AD226299F}.Debug|Any CPU.Build.0 = Debug|Any CPU
		{72BBAB25-01D1-4569-ACF9-2F6AD226299F}.Release|Any CPU.ActiveCfg = Release|Any CPU
		{72BBAB25-01D1-4569-ACF9-2F6AD226299F}.Release|Any CPU.Build.0 = Release|Any CPU
		{7B42424E-2C5C-476F-A341-88B0CC11E5DA}.Debug|Any CPU.ActiveCfg = Debug|Any CPU
		{7B42424E-2C5C-476F-A341-88B0CC11E5DA}.Debug|Any CPU.Build.0 = Debug|Any CPU
		{7B42424E-2C5C-476F-A341-88B0CC11E5DA}.Release|Any CPU.ActiveCfg = Release|Any CPU
		{7B42424E-2C5C-476F-A341-88B0CC11E5DA}.Release|Any CPU.Build.0 = Release|Any CPU
		{953CCEC8-DE8E-485B-B828-D32C7BCF035A}.Debug|Any CPU.ActiveCfg = Debug|Any CPU
		{953CCEC8-DE8E-485B-B828-D32C7BCF035A}.Debug|Any CPU.Build.0 = Debug|Any CPU
		{953CCEC8-DE8E-485B-B828-D32C7BCF035A}.Release|Any CPU.ActiveCfg = Release|Any CPU
		{953CCEC8-DE8E-485B-B828-D32C7BCF035A}.Release|Any CPU.Build.0 = Release|Any CPU
		{4B34FAFB-7116-44A5-97FE-742EEF4CEC6A}.Debug|Any CPU.ActiveCfg = Debug|Any CPU
		{4B34FAFB-7116-44A5-97FE-742EEF4CEC6A}.Debug|Any CPU.Build.0 = Debug|Any CPU
		{4B34FAFB-7116-44A5-97FE-742EEF4CEC6A}.Release|Any CPU.ActiveCfg = Release|Any CPU
		{4B34FAFB-7116-44A5-97FE-742EEF4CEC6A}.Release|Any CPU.Build.0 = Release|Any CPU
		{9BDFB72C-D870-4703-B17E-8DC3ACC316D9}.Debug|Any CPU.ActiveCfg = Debug|Any CPU
		{9BDFB72C-D870-4703-B17E-8DC3ACC316D9}.Debug|Any CPU.Build.0 = Debug|Any CPU
		{9BDFB72C-D870-4703-B17E-8DC3ACC316D9}.Release|Any CPU.ActiveCfg = Release|Any CPU
		{9BDFB72C-D870-4703-B17E-8DC3ACC316D9}.Release|Any CPU.Build.0 = Release|Any CPU
	EndGlobalSection
	GlobalSection(SolutionProperties) = preSolution
		HideSolutionNode = FALSE
	EndGlobalSection
	GlobalSection(NestedProjects) = preSolution
		{D038E465-AAC0-4CAF-B808-2E84DBD1E81F} = {C1AD828C-A9AD-4895-97F6-989FB64BC0B4}
		{1C59AE35-60AA-49E1-8D5A-DD1E1A275492} = {2EF660EC-2053-465D-9F6D-C52CD805466F}
		{8774EF4E-AD16-466D-AB39-37A88B5A767E} = {2EF660EC-2053-465D-9F6D-C52CD805466F}
		{157600A1-0E78-4671-ABA3-9092AAC970E6} = {CB561DC3-F2E0-47E8-8007-9067D1E714A8}
		{8340C9F1-0B4C-4127-A502-84E57B0D409A} = {1AD7C7F3-BDEE-45DA-A72D-4EFE521ADBB9}
		{E0E0A7CA-AA36-427A-9B40-0DE31B72A1B1} = {1C59AE35-60AA-49E1-8D5A-DD1E1A275492}
		{7D4541EC-EB09-428A-9E43-6C898EDB0A6D} = {8774EF4E-AD16-466D-AB39-37A88B5A767E}
		{0B198399-0A5F-4410-8D96-AC0C78B1E6AA} = {8774EF4E-AD16-466D-AB39-37A88B5A767E}
		{2AF4EC04-E257-4C2D-9B4D-3E319989BCFF} = {8774EF4E-AD16-466D-AB39-37A88B5A767E}
		{BA1ACAD8-70B8-4408-A877-E51622679CB3} = {8774EF4E-AD16-466D-AB39-37A88B5A767E}
		{2365CA3A-5D45-424A-A314-A0628E6B3B48} = {8774EF4E-AD16-466D-AB39-37A88B5A767E}
		{44246EBB-40D0-42B2-B3E9-2B512A53C055} = {8774EF4E-AD16-466D-AB39-37A88B5A767E}
		{72BBAB25-01D1-4569-ACF9-2F6AD226299F} = {8774EF4E-AD16-466D-AB39-37A88B5A767E}
		{7B42424E-2C5C-476F-A341-88B0CC11E5DA} = {8774EF4E-AD16-466D-AB39-37A88B5A767E}
		{953CCEC8-DE8E-485B-B828-D32C7BCF035A} = {8774EF4E-AD16-466D-AB39-37A88B5A767E}
		{4B34FAFB-7116-44A5-97FE-742EEF4CEC6A} = {8774EF4E-AD16-466D-AB39-37A88B5A767E}
		{9BDFB72C-D870-4703-B17E-8DC3ACC316D9} = {8774EF4E-AD16-466D-AB39-37A88B5A767E}
	EndGlobalSection
	GlobalSection(ExtensibilityGlobals) = postSolution
		SolutionGuid = {D18A9958-49B6-431F-8B5E-99852D033908}
	EndGlobalSection
EndGlobal
